{
  "name": "prototype-starter",
  "lockfileVersion": 2,
  "requires": true,
  "packages": {
    "": {
      "dependencies": {
        "@govuk-prototype-kit/step-by-step": "^2.0.0",
        "govuk-frontend": "^4.2.0"
      },
      "engines": {
        "node": ">=12.0.0 <17.0.0"
      }
    },
    "node_modules/@govuk-prototype-kit/step-by-step": {
      "version": "2.0.0",
      "resolved": "https://registry.npmjs.org/@govuk-prototype-kit/step-by-step/-/step-by-step-2.0.0.tgz",
      "integrity": "sha512-OmkkDqi8sYoGZewePo6waCBCMYAQZtPMgTG3obhBsM6F6/Wj/aFqduX3FJ0P0PEysg3p8Yz29W/HKGObcqHqvg=="
    },
    "node_modules/govuk-frontend": {
      "version": "4.3.0",
      "resolved": "https://registry.npmjs.org/govuk-frontend/-/govuk-frontend-4.3.0.tgz",
      "integrity": "sha512-U8IyhayW5tpEktTU1Ea2wYyUsmS6UQWkuec/ebB51keSCUfZtrLsj5u9oa6GtwzTatk+3NYMOEEclGNTz4/FKQ==",
      "engines": {
        "node": ">= 4.2.0"
      }
    }
  },
  "dependencies": {
    "@govuk-prototype-kit/step-by-step": {
      "version": "2.0.0",
      "resolved": "https://registry.npmjs.org/@govuk-prototype-kit/step-by-step/-/step-by-step-2.0.0.tgz",
      "integrity": "sha512-OmkkDqi8sYoGZewePo6waCBCMYAQZtPMgTG3obhBsM6F6/Wj/aFqduX3FJ0P0PEysg3p8Yz29W/HKGObcqHqvg=="
    },
    "govuk-frontend": {
      "version": "4.3.0",
      "resolved": "https://registry.npmjs.org/govuk-frontend/-/govuk-frontend-4.3.0.tgz",
      "integrity": "sha512-U8IyhayW5tpEktTU1Ea2wYyUsmS6UQWkuec/ebB51keSCUfZtrLsj5u9oa6GtwzTatk+3NYMOEEclGNTz4/FKQ=="
    }
  }
}
