{
  "name": "extension-foo",
  "version": "1.0.0",
  "lockfileVersion": 2,
  "requires": true,
  "packages": {
    "": {
      "name": "extension-foo",
      "version": "1.0.0",
      "dependencies": {
        "govuk-prototype-kit": "file:../../../.."
      }
    },
    "../../../..": {
      "version": "13.0.0",
      "dependencies": {
        "@govuk-prototype-kit/step-by-step": "^1.0.0",
        "acorn": "^8.5.0",
        "ansi-colors": "^4.1.1",
        "body-parser": "^1.14.1",
        "browser-sync": "^2.27.10",
        "chokidar": "^3.5.3",
        "client-sessions": "^0.8.0",
        "cookie-parser": "^1.4.6",
        "cross-spawn": "^7.0.2",
        "del": "^6.0.0",
        "dotenv": "^10.0.0",
        "express": "^4.17.1",
        "express-session": "^1.13.0",
        "extension-bar": "file:cypress/fixtures/extensions/extension-bar",
        "extension-foo": "file:cypress/fixtures/extensions/extension-foo",
        "fancy-log": "^1.3.3",
        "fs-extra": "^10.0.1",
        "govuk-frontend": "^4.2.0",
        "inquirer": "^8.2.0",
        "lodash": "^4.17.21",
        "marked": "^4.0.10",
        "nodemon": "^2.0.15",
        "notifications-node-client": "^5.1.0",
        "nunjucks": "^3.2.1",
        "portscanner": "^2.1.1",
        "require-dir": "^1.0.0",
        "sass": "^1.49.10",
        "sync-request": "^6.0.0",
        "universal-analytics": "^0.5.3",
        "uuid": "^8.3.2"
      },
      "bin": {
        "govuk-prototype-kit": "bin/cli"
      },
      "devDependencies": {
        "cypress": "^10.6.0",
        "eslint-plugin-cypress": "^2.12.1",
        "extract-zip": "^2.0.1",
        "glob": "^7.1.4",
        "jest": "^28.1.1",
        "proper-lockfile": "^4.1.2",
        "standard": "^14.3.3",
        "start-server-and-test": "^1.14.0",
        "supertest": "^6.2.3",
        "wait-on": "^6.0.1"
      },
      "engines": {
        "node": ">=12.0.0 <19.0.0"
      }
    },
    "node_modules/govuk-prototype-kit": {
      "resolved": "../../../..",
      "link": true
    }
  },
  "dependencies": {
    "govuk-prototype-kit": {
      "version": "file:../../../..",
      "requires": {
        "@govuk-prototype-kit/step-by-step": "^1.0.0",
        "acorn": "^8.5.0",
        "ansi-colors": "^4.1.1",
        "body-parser": "^1.14.1",
        "browser-sync": "^2.27.10",
        "chokidar": "^3.5.3",
        "client-sessions": "^0.8.0",
        "cookie-parser": "^1.4.6",
        "cross-spawn": "^7.0.2",
        "cypress": "^10.6.0",
        "del": "^6.0.0",
        "dotenv": "^10.0.0",
        "eslint-plugin-cypress": "^2.12.1",
        "express": "^4.17.1",
        "express-session": "^1.13.0",
        "extension-bar": "file:cypress/fixtures/extensions/extension-bar",
        "extension-foo": "file:cypress/fixtures/extensions/extension-foo",
        "extract-zip": "^2.0.1",
        "fancy-log": "^1.3.3",
        "fs-extra": "^10.0.1",
        "glob": "^7.1.4",
        "govuk-frontend": "^4.2.0",
        "inquirer": "^8.2.0",
        "jest": "^28.1.1",
        "lodash": "^4.17.21",
        "marked": "^4.0.10",
        "nodemon": "^2.0.15",
        "notifications-node-client": "^5.1.0",
        "nunjucks": "^3.2.1",
        "portscanner": "^2.1.1",
        "proper-lockfile": "^4.1.2",
        "require-dir": "^1.0.0",
        "sass": "^1.49.10",
        "standard": "^14.3.3",
        "start-server-and-test": "^1.14.0",
        "supertest": "^6.2.3",
        "sync-request": "^6.0.0",
        "universal-analytics": "^0.5.3",
        "uuid": "^8.3.2",
        "wait-on": "^6.0.1"
      }
    }
  }
}
